
Microsoft Visual Studio Solution File, Format Version 12.00
# Visual Studio 15
VisualStudioVersion = 15.0.26228.4
MinimumVisualStudioVersion = 10.0.40219.1
Project("{FAE04EC0-301F-11D3-BF4B-00C04F79EFBC}") = "API", "API\API.csproj", "{1FE2BB9C-C196-4ECC-BBB2-7F396455788F}"
EndProject
Project("{FAE04EC0-301F-11D3-BF4B-00C04F79EFBC}") = "Web", "Web\Web.csproj", "{39229A36-D218-49B5-B4F8-67ECE2944CAA}"
EndProject
Project("{FAE04EC0-301F-11D3-BF4B-00C04F79EFBC}") = "SampleProject.Services", "SampleProject.BL\SampleProject.Services.csproj", "{C81778B6-EFCF-4F86-96D7-429652847952}"
EndProject
Project("{FAE04EC0-301F-11D3-BF4B-00C04F79EFBC}") = "SampleProject.Models", "SampleProject.Models\SampleProject.Models.csproj", "{63052CA5-4794-41AC-8A0D-8A866C8301E1}"
EndProject
Global
	GlobalSection(SolutionConfigurationPlatforms) = preSolution
		Debug|Any CPU = Debug|Any CPU
		Release|Any CPU = Release|Any CPU
	EndGlobalSection
	GlobalSection(ProjectConfigurationPlatforms) = postSolution
		{1FE2BB9C-C196-4ECC-BBB2-7F396455788F}.Debug|Any CPU.ActiveCfg = Debug|Any CPU
		{1FE2BB9C-C196-4ECC-BBB2-7F396455788F}.Debug|Any CPU.Build.0 = Debug|Any CPU
		{1FE2BB9C-C196-4ECC-BBB2-7F396455788F}.Release|Any CPU.ActiveCfg = Release|Any CPU
		{1FE2BB9C-C196-4ECC-BBB2-7F396455788F}.Release|Any CPU.Build.0 = Release|Any CPU
		{39229A36-D218-49B5-B4F8-67ECE2944CAA}.Debug|Any CPU.ActiveCfg = Debug|Any CPU
		{39229A36-D218-49B5-B4F8-67ECE2944CAA}.Debug|Any CPU.Build.0 = Debug|Any CPU
		{39229A36-D218-49B5-B4F8-67ECE2944CAA}.Release|Any CPU.ActiveCfg = Release|Any CPU
		{39229A36-D218-49B5-B4F8-67ECE2944CAA}.Release|Any CPU.Build.0 = Release|Any CPU
		{C81778B6-EFCF-4F86-96D7-429652847952}.Debug|Any CPU.ActiveCfg = Debug|Any CPU
		{C81778B6-EFCF-4F86-96D7-429652847952}.Debug|Any CPU.Build.0 = Debug|Any CPU
		{C81778B6-EFCF-4F86-96D7-429652847952}.Release|Any CPU.ActiveCfg = Release|Any CPU
		{C81778B6-EFCF-4F86-96D7-429652847952}.Release|Any CPU.Build.0 = Release|Any CPU
		{63052CA5-4794-41AC-8A0D-8A866C8301E1}.Debug|Any CPU.ActiveCfg = Debug|Any CPU
		{63052CA5-4794-41AC-8A0D-8A866C8301E1}.Debug|Any CPU.Build.0 = Debug|Any CPU
		{63052CA5-4794-41AC-8A0D-8A866C8301E1}.Release|Any CPU.ActiveCfg = Release|Any CPU
		{63052CA5-4794-41AC-8A0D-8A866C8301E1}.Release|Any CPU.Build.0 = Release|Any CPU
	EndGlobalSection
	GlobalSection(SolutionProperties) = preSolution
		HideSolutionNode = FALSE
	EndGlobalSection
EndGlobal
